{
  "name": "ee190c8b3a9a6f82",
  "lockfileVersion": 3,
  "requires": true,
  "packages": {
    "": {
      "dependencies": {
        "sv": "^0.14.0"
      }
    },
    "node_modules/@sveltejs/sv-utils": {
      "version": "0.1.0",
      "resolved": "https://registry.npmjs.org/@sveltejs/sv-utils/-/sv-utils-0.1.0.tgz",
      "integrity": "sha512-/rMSqcMtET+BPgsnpfiEhbsOIpy5dQpqDeU9bIEhzMGe6xGAfxPd4OcCoUsO7sQeav0HkxZTQwIKchhwbFhpvg==",
      "license": "MIT"
    },
    "node_modules/sv": {
      "version": "0.14.0",
      "resolved": "https://registry.npmjs.org/sv/-/sv-0.14.0.tgz",
      "integrity": "sha512-+EgIh+fqeeAKllTQCutuO8Pv9Rvezv0KyPMSCk6CNZzX/aSYRY2xkuXZRhrNJpqlRpzeAmh371sd0sy7ybLe7Q==",
      "license": "MIT",
      "dependencies": {
        "@sveltejs/sv-utils": "0.1.0"
      },
      "bin": {
        "sv": "dist/bin.mjs"
      }
    }
  }
}
